
Microsoft Visual Studio Solution File, Format Version 12.00
# Visual Studio 14
VisualStudioVersion = 14.0.25420.1
MinimumVisualStudioVersion = 10.0.40219.1
Project("{FAE04EC0-301F-11D3-BF4B-00C04F79EFBC}") = "RuleBuilder", "RuleBuilder\RuleBuilder.csproj", "{3F6C1044-B183-4FA8-92C1-ACE8554862FB}"
EndProject
Project("{FAE04EC0-301F-11D3-BF4B-00C04F79EFBC}") = "NRules", "..\..\src\NRules\NRules\NRules.csproj", "{D60C7588-09B6-47DA-9459-4C88363E3EAE}"
EndProject
Project("{FAE04EC0-301F-11D3-BF4B-00C04F79EFBC}") = "NRules.Fluent", "..\..\src\NRules\NRules.Fluent\NRules.Fluent.csproj", "{B68D0662-BB3B-4183-85F0-E00875A95BB4}"
EndProject
Project("{FAE04EC0-301F-11D3-BF4B-00C04F79EFBC}") = "NRules.RuleModel", "..\..\src\NRules\NRules.RuleModel\NRules.RuleModel.csproj", "{898356F3-1B5A-4D70-A20A-544997E30AB7}"
EndProject
Project("{FAE04EC0-301F-11D3-BF4B-00C04F79EFBC}") = "RuleBuilder.Desktop", "RuleBuilder.Desktop\RuleBuilder.Desktop.csproj", "{16BB2526-CE85-4D10-8B71-0864AAEC6F16}"
EndProject
Project("{FAE04EC0-301F-11D3-BF4B-00C04F79EFBC}") = "NRules.Tests", "..\..\src\NRules\Tests\NRules.Tests\NRules.Tests.csproj", "{B13BAC49-AF13-47E2-95F0-0C2CAF9A0257}"
EndProject
Project("{FAE04EC0-301F-11D3-BF4B-00C04F79EFBC}") = "NRules.IntegrationTests", "..\..\src\NRules\Tests\NRules.IntegrationTests\NRules.IntegrationTests.csproj", "{08DB9D89-412B-405A-813A-E19261039881}"
EndProject
Project("{FAE04EC0-301F-11D3-BF4B-00C04F79EFBC}") = "RuleBuilder.Core", "RuleBuilder.Core\RuleBuilder.Core.csproj", "{ED206095-51BF-4AE0-90DA-4B5F4D3355BB}"
EndProject
Project("{FAE04EC0-301F-11D3-BF4B-00C04F79EFBC}") = "RuleBuilder.Presentation", "RuleBuilder.Presentation\RuleBuilder.Presentation.csproj", "{7B0010CF-95B0-407F-A2AC-54BBACA10154}"
EndProject
Global
	GlobalSection(SolutionConfigurationPlatforms) = preSolution
		Debug|Any CPU = Debug|Any CPU
		Debug|ARM = Debug|ARM
		Debug|iPhone = Debug|iPhone
		Debug|iPhoneSimulator = Debug|iPhoneSimulator
		Debug|x86 = Debug|x86
		Release|Any CPU = Release|Any CPU
		Release|ARM = Release|ARM
		Release|iPhone = Release|iPhone
		Release|iPhoneSimulator = Release|iPhoneSimulator
		Release|x86 = Release|x86
	EndGlobalSection
	GlobalSection(ProjectConfigurationPlatforms) = postSolution
		{3F6C1044-B183-4FA8-92C1-ACE8554862FB}.Debug|Any CPU.ActiveCfg = Debug|Any CPU
		{3F6C1044-B183-4FA8-92C1-ACE8554862FB}.Debug|Any CPU.Build.0 = Debug|Any CPU
		{3F6C1044-B183-4FA8-92C1-ACE8554862FB}.Debug|ARM.ActiveCfg = Debug|Any CPU
		{3F6C1044-B183-4FA8-92C1-ACE8554862FB}.Debug|ARM.Build.0 = Debug|Any CPU
		{3F6C1044-B183-4FA8-92C1-ACE8554862FB}.Debug|iPhone.ActiveCfg = Debug|Any CPU
		{3F6C1044-B183-4FA8-92C1-ACE8554862FB}.Debug|iPhone.Build.0 = Debug|Any CPU
		{3F6C1044-B183-4FA8-92C1-ACE8554862FB}.Debug|iPhoneSimulator.ActiveCfg = Debug|Any CPU
		{3F6C1044-B183-4FA8-92C1-ACE8554862FB}.Debug|iPhoneSimulator.Build.0 = Debug|Any CPU
		{3F6C1044-B183-4FA8-92C1-ACE8554862FB}.Debug|x86.ActiveCfg = Debug|Any CPU
		{3F6C1044-B183-4FA8-92C1-ACE8554862FB}.Debug|x86.Build.0 = Debug|Any CPU
		{3F6C1044-B183-4FA8-92C1-ACE8554862FB}.Release|Any CPU.ActiveCfg = Release|Any CPU
		{3F6C1044-B183-4FA8-92C1-ACE8554862FB}.Release|Any CPU.Build.0 = Release|Any CPU
		{3F6C1044-B183-4FA8-92C1-ACE8554862FB}.Release|ARM.ActiveCfg = Release|Any CPU
		{3F6C1044-B183-4FA8-92C1-ACE8554862FB}.Release|ARM.Build.0 = Release|Any CPU
		{3F6C1044-B183-4FA8-92C1-ACE8554862FB}.Release|iPhone.ActiveCfg = Release|Any CPU
		{3F6C1044-B183-4FA8-92C1-ACE8554862FB}.Release|iPhone.Build.0 = Release|Any CPU
		{3F6C1044-B183-4FA8-92C1-ACE8554862FB}.Release|iPhoneSimulator.ActiveCfg = Release|Any CPU
		{3F6C1044-B183-4FA8-92C1-ACE8554862FB}.Release|iPhoneSimulator.Build.0 = Release|Any CPU
		{3F6C1044-B183-4FA8-92C1-ACE8554862FB}.Release|x86.ActiveCfg = Release|Any CPU
		{3F6C1044-B183-4FA8-92C1-ACE8554862FB}.Release|x86.Build.0 = Release|Any CPU
		{D60C7588-09B6-47DA-9459-4C88363E3EAE}.Debug|Any CPU.ActiveCfg = Debug|Any CPU
		{D60C7588-09B6-47DA-9459-4C88363E3EAE}.Debug|Any CPU.Build.0 = Debug|Any CPU
		{D60C7588-09B6-47DA-9459-4C88363E3EAE}.Debug|ARM.ActiveCfg = Debug|Any CPU
		{D60C7588-09B6-47DA-9459-4C88363E3EAE}.Debug|ARM.Build.0 = Debug|Any CPU
		{D60C7588-09B6-47DA-9459-4C88363E3EAE}.Debug|iPhone.ActiveCfg = Debug|Any CPU
		{D60C7588-09B6-47DA-9459-4C88363E3EAE}.Debug|iPhone.Build.0 = Debug|Any CPU
		{D60C7588-09B6-47DA-9459-4C88363E3EAE}.Debug|iPhoneSimulator.ActiveCfg = Debug|Any CPU
		{D60C7588-09B6-47DA-9459-4C88363E3EAE}.Debug|iPhoneSimulator.Build.0 = Debug|Any CPU
		{D60C7588-09B6-47DA-9459-4C88363E3EAE}.Debug|x86.ActiveCfg = Debug|Any CPU
		{D60C7588-09B6-47DA-9459-4C88363E3EAE}.Debug|x86.Build.0 = Debug|Any CPU
		{D60C7588-09B6-47DA-9459-4C88363E3EAE}.Release|Any CPU.ActiveCfg = Release|Any CPU
		{D60C7588-09B6-47DA-9459-4C88363E3EAE}.Release|Any CPU.Build.0 = Release|Any CPU
		{D60C7588-09B6-47DA-9459-4C88363E3EAE}.Release|ARM.ActiveCfg = Release|Any CPU
		{D60C7588-09B6-47DA-9459-4C88363E3EAE}.Release|ARM.Build.0 = Release|Any CPU
		{D60C7588-09B6-47DA-9459-4C88363E3EAE}.Release|iPhone.ActiveCfg = Release|Any CPU
		{D60C7588-09B6-47DA-9459-4C88363E3EAE}.Release|iPhone.Build.0 = Release|Any CPU
		{D60C7588-09B6-47DA-9459-4C88363E3EAE}.Release|iPhoneSimulator.ActiveCfg = Release|Any CPU
		{D60C7588-09B6-47DA-9459-4C88363E3EAE}.Release|iPhoneSimulator.Build.0 = Release|Any CPU
		{D60C7588-09B6-47DA-9459-4C88363E3EAE}.Release|x86.ActiveCfg = Release|Any CPU
		{D60C7588-09B6-47DA-9459-4C88363E3EAE}.Release|x86.Build.0 = Release|Any CPU
		{B68D0662-BB3B-4183-85F0-E00875A95BB4}.Debug|Any CPU.ActiveCfg = Debug|Any CPU
		{B68D0662-BB3B-4183-85F0-E00875A95BB4}.Debug|Any CPU.Build.0 = Debug|Any CPU
		{B68D0662-BB3B-4183-85F0-E00875A95BB4}.Debug|ARM.ActiveCfg = Debug|Any CPU
		{B68D0662-BB3B-4183-85F0-E00875A95BB4}.Debug|ARM.Build.0 = Debug|Any CPU
		{B68D0662-BB3B-4183-85F0-E00875A95BB4}.Debug|iPhone.ActiveCfg = Debug|Any CPU
		{B68D0662-BB3B-4183-85F0-E00875A95BB4}.Debug|iPhone.Build.0 = Debug|Any CPU
		{B68D0662-BB3B-4183-85F0-E00875A95BB4}.Debug|iPhoneSimulator.ActiveCfg = Debug|Any CPU
		{B68D0662-BB3B-4183-85F0-E00875A95BB4}.Debug|iPhoneSimulator.Build.0 = Debug|Any CPU
		{B68D0662-BB3B-4183-85F0-E00875A95BB4}.Debug|x86.ActiveCfg = Debug|Any CPU
		{B68D0662-BB3B-4183-85F0-E00875A95BB4}.Debug|x86.Build.0 = Debug|Any CPU
		{B68D0662-BB3B-4183-85F0-E00875A95BB4}.Release|Any CPU.ActiveCfg = Release|Any CPU
		{B68D0662-BB3B-4183-85F0-E00875A95BB4}.Release|Any CPU.Build.0 = Release|Any CPU
		{B68D0662-BB3B-4183-85F0-E00875A95BB4}.Release|ARM.ActiveCfg = Release|Any CPU
		{B68D0662-BB3B-4183-85F0-E00875A95BB4}.Release|ARM.Build.0 = Release|Any CPU
		{B68D0662-BB3B-4183-85F0-E00875A95BB4}.Release|iPhone.ActiveCfg = Release|Any CPU
		{B68D0662-BB3B-4183-85F0-E00875A95BB4}.Release|iPhone.Build.0 = Release|Any CPU
		{B68D0662-BB3B-4183-85F0-E00875A95BB4}.Release|iPhoneSimulator.ActiveCfg = Release|Any CPU
		{B68D0662-BB3B-4183-85F0-E00875A95BB4}.Release|iPhoneSimulator.Build.0 = Release|Any CPU
		{B68D0662-BB3B-4183-85F0-E00875A95BB4}.Release|x86.ActiveCfg = Release|Any CPU
		{B68D0662-BB3B-4183-85F0-E00875A95BB4}.Release|x86.Build.0 = Release|Any CPU
		{898356F3-1B5A-4D70-A20A-544997E30AB7}.Debug|Any CPU.ActiveCfg = Debug|Any CPU
		{898356F3-1B5A-4D70-A20A-544997E30AB7}.Debug|Any CPU.Build.0 = Debug|Any CPU
		{898356F3-1B5A-4D70-A20A-544997E30AB7}.Debug|ARM.ActiveCfg = Debug|Any CPU
		{898356F3-1B5A-4D70-A20A-544997E30AB7}.Debug|ARM.Build.0 = Debug|Any CPU
		{898356F3-1B5A-4D70-A20A-544997E30AB7}.Debug|iPhone.ActiveCfg = Debug|Any CPU
		{898356F3-1B5A-4D70-A20A-544997E30AB7}.Debug|iPhone.Build.0 = Debug|Any CPU
		{898356F3-1B5A-4D70-A20A-544997E30AB7}.Debug|iPhoneSimulator.ActiveCfg = Debug|Any CPU
		{898356F3-1B5A-4D70-A20A-544997E30AB7}.Debug|iPhoneSimulator.Build.0 = Debug|Any CPU
		{898356F3-1B5A-4D70-A20A-544997E30AB7}.Debug|x86.ActiveCfg = Debug|Any CPU
		{898356F3-1B5A-4D70-A20A-544997E30AB7}.Debug|x86.Build.0 = Debug|Any CPU
		{898356F3-1B5A-4D70-A20A-544997E30AB7}.Release|Any CPU.ActiveCfg = Release|Any CPU
		{898356F3-1B5A-4D70-A20A-544997E30AB7}.Release|Any CPU.Build.0 = Release|Any CPU
		{898356F3-1B5A-4D70-A20A-544997E30AB7}.Release|ARM.ActiveCfg = Release|Any CPU
		{898356F3-1B5A-4D70-A20A-544997E30AB7}.Release|ARM.Build.0 = Release|Any CPU
		{898356F3-1B5A-4D70-A20A-544997E30AB7}.Release|iPhone.ActiveCfg = Release|Any CPU
		{898356F3-1B5A-4D70-A20A-544997E30AB7}.Release|iPhone.Build.0 = Release|Any CPU
		{898356F3-1B5A-4D70-A20A-544997E30AB7}.Release|iPhoneSimulator.ActiveCfg = Release|Any CPU
		{898356F3-1B5A-4D70-A20A-544997E30AB7}.Release|iPhoneSimulator.Build.0 = Release|Any CPU
		{898356F3-1B5A-4D70-A20A-544997E30AB7}.Release|x86.ActiveCfg = Release|Any CPU
		{898356F3-1B5A-4D70-A20A-544997E30AB7}.Release|x86.Build.0 = Release|Any CPU
		{16BB2526-CE85-4D10-8B71-0864AAEC6F16}.Debug|Any CPU.ActiveCfg = Debug|Any CPU
		{16BB2526-CE85-4D10-8B71-0864AAEC6F16}.Debug|Any CPU.Build.0 = Debug|Any CPU
		{16BB2526-CE85-4D10-8B71-0864AAEC6F16}.Debug|ARM.ActiveCfg = Debug|Any CPU
		{16BB2526-CE85-4D10-8B71-0864AAEC6F16}.Debug|ARM.Build.0 = Debug|Any CPU
		{16BB2526-CE85-4D10-8B71-0864AAEC6F16}.Debug|iPhone.ActiveCfg = Debug|Any CPU
		{16BB2526-CE85-4D10-8B71-0864AAEC6F16}.Debug|iPhone.Build.0 = Debug|Any CPU
		{16BB2526-CE85-4D10-8B71-0864AAEC6F16}.Debug|iPhoneSimulator.ActiveCfg = Debug|Any CPU
		{16BB2526-CE85-4D10-8B71-0864AAEC6F16}.Debug|iPhoneSimulator.Build.0 = Debug|Any CPU
		{16BB2526-CE85-4D10-8B71-0864AAEC6F16}.Debug|x86.ActiveCfg = Debug|Any CPU
		{16BB2526-CE85-4D10-8B71-0864AAEC6F16}.Debug|x86.Build.0 = Debug|Any CPU
		{16BB2526-CE85-4D10-8B71-0864AAEC6F16}.Release|Any CPU.ActiveCfg = Release|Any CPU
		{16BB2526-CE85-4D10-8B71-0864AAEC6F16}.Release|Any CPU.Build.0 = Release|Any CPU
		{16BB2526-CE85-4D10-8B71-0864AAEC6F16}.Release|ARM.ActiveCfg = Release|Any CPU
		{16BB2526-CE85-4D10-8B71-0864AAEC6F16}.Release|ARM.Build.0 = Release|Any CPU
		{16BB2526-CE85-4D10-8B71-0864AAEC6F16}.Release|iPhone.ActiveCfg = Release|Any CPU
		{16BB2526-CE85-4D10-8B71-0864AAEC6F16}.Release|iPhone.Build.0 = Release|Any CPU
		{16BB2526-CE85-4D10-8B71-0864AAEC6F16}.Release|iPhoneSimulator.ActiveCfg = Release|Any CPU
		{16BB2526-CE85-4D10-8B71-0864AAEC6F16}.Release|iPhoneSimulator.Build.0 = Release|Any CPU
		{16BB2526-CE85-4D10-8B71-0864AAEC6F16}.Release|x86.ActiveCfg = Release|Any CPU
		{16BB2526-CE85-4D10-8B71-0864AAEC6F16}.Release|x86.Build.0 = Release|Any CPU
		{B13BAC49-AF13-47E2-95F0-0C2CAF9A0257}.Debug|Any CPU.ActiveCfg = Debug|Any CPU
		{B13BAC49-AF13-47E2-95F0-0C2CAF9A0257}.Debug|Any CPU.Build.0 = Debug|Any CPU
		{B13BAC49-AF13-47E2-95F0-0C2CAF9A0257}.Debug|ARM.ActiveCfg = Debug|Any CPU
		{B13BAC49-AF13-47E2-95F0-0C2CAF9A0257}.Debug|ARM.Build.0 = Debug|Any CPU
		{B13BAC49-AF13-47E2-95F0-0C2CAF9A0257}.Debug|iPhone.ActiveCfg = Debug|Any CPU
		{B13BAC49-AF13-47E2-95F0-0C2CAF9A0257}.Debug|iPhone.Build.0 = Debug|Any CPU
		{B13BAC49-AF13-47E2-95F0-0C2CAF9A0257}.Debug|iPhoneSimulator.ActiveCfg = Debug|Any CPU
		{B13BAC49-AF13-47E2-95F0-0C2CAF9A0257}.Debug|iPhoneSimulator.Build.0 = Debug|Any CPU
		{B13BAC49-AF13-47E2-95F0-0C2CAF9A0257}.Debug|x86.ActiveCfg = Debug|Any CPU
		{B13BAC49-AF13-47E2-95F0-0C2CAF9A0257}.Debug|x86.Build.0 = Debug|Any CPU
		{B13BAC49-AF13-47E2-95F0-0C2CAF9A0257}.Release|Any CPU.ActiveCfg = Release|Any CPU
		{B13BAC49-AF13-47E2-95F0-0C2CAF9A0257}.Release|Any CPU.Build.0 = Release|Any CPU
		{B13BAC49-AF13-47E2-95F0-0C2CAF9A0257}.Release|ARM.ActiveCfg = Release|Any CPU
		{B13BAC49-AF13-47E2-95F0-0C2CAF9A0257}.Release|ARM.Build.0 = Release|Any CPU
		{B13BAC49-AF13-47E2-95F0-0C2CAF9A0257}.Release|iPhone.ActiveCfg = Release|Any CPU
		{B13BAC49-AF13-47E2-95F0-0C2CAF9A0257}.Release|iPhone.Build.0 = Release|Any CPU
		{B13BAC49-AF13-47E2-95F0-0C2CAF9A0257}.Release|iPhoneSimulator.ActiveCfg = Release|Any CPU
		{B13BAC49-AF13-47E2-95F0-0C2CAF9A0257}.Release|iPhoneSimulator.Build.0 = Release|Any CPU
		{B13BAC49-AF13-47E2-95F0-0C2CAF9A0257}.Release|x86.ActiveCfg = Release|Any CPU
		{B13BAC49-AF13-47E2-95F0-0C2CAF9A0257}.Release|x86.Build.0 = Release|Any CPU
		{08DB9D89-412B-405A-813A-E19261039881}.Debug|Any CPU.ActiveCfg = Debug|Any CPU
		{08DB9D89-412B-405A-813A-E19261039881}.Debug|Any CPU.Build.0 = Debug|Any CPU
		{08DB9D89-412B-405A-813A-E19261039881}.Debug|ARM.ActiveCfg = Debug|Any CPU
		{08DB9D89-412B-405A-813A-E19261039881}.Debug|ARM.Build.0 = Debug|Any CPU
		{08DB9D89-412B-405A-813A-E19261039881}.Debug|iPhone.ActiveCfg = Debug|Any CPU
		{08DB9D89-412B-405A-813A-E19261039881}.Debug|iPhone.Build.0 = Debug|Any CPU
		{08DB9D89-412B-405A-813A-E19261039881}.Debug|iPhoneSimulator.ActiveCfg = Debug|Any CPU
		{08DB9D89-412B-405A-813A-E19261039881}.Debug|iPhoneSimulator.Build.0 = Debug|Any CPU
		{08DB9D89-412B-405A-813A-E19261039881}.Debug|x86.ActiveCfg = Debug|Any CPU
		{08DB9D89-412B-405A-813A-E19261039881}.Debug|x86.Build.0 = Debug|Any CPU
		{08DB9D89-412B-405A-813A-E19261039881}.Release|Any CPU.ActiveCfg = Release|Any CPU
		{08DB9D89-412B-405A-813A-E19261039881}.Release|Any CPU.Build.0 = Release|Any CPU
		{08DB9D89-412B-405A-813A-E19261039881}.Release|ARM.ActiveCfg = Release|Any CPU
		{08DB9D89-412B-405A-813A-E19261039881}.Release|ARM.Build.0 = Release|Any CPU
		{08DB9D89-412B-405A-813A-E19261039881}.Release|iPhone.ActiveCfg = Release|Any CPU
		{08DB9D89-412B-405A-813A-E19261039881}.Release|iPhone.Build.0 = Release|Any CPU
		{08DB9D89-412B-405A-813A-E19261039881}.Release|iPhoneSimulator.ActiveCfg = Release|Any CPU
		{08DB9D89-412B-405A-813A-E19261039881}.Release|iPhoneSimulator.Build.0 = Release|Any CPU
		{08DB9D89-412B-405A-813A-E19261039881}.Release|x86.ActiveCfg = Release|Any CPU
		{08DB9D89-412B-405A-813A-E19261039881}.Release|x86.Build.0 = Release|Any CPU
		{ED206095-51BF-4AE0-90DA-4B5F4D3355BB}.Debug|Any CPU.ActiveCfg = Debug|Any CPU
		{ED206095-51BF-4AE0-90DA-4B5F4D3355BB}.Debug|Any CPU.Build.0 = Debug|Any CPU
		{ED206095-51BF-4AE0-90DA-4B5F4D3355BB}.Debug|ARM.ActiveCfg = Debug|Any CPU
		{ED206095-51BF-4AE0-90DA-4B5F4D3355BB}.Debug|ARM.Build.0 = Debug|Any CPU
		{ED206095-51BF-4AE0-90DA-4B5F4D3355BB}.Debug|iPhone.ActiveCfg = Debug|Any CPU
		{ED206095-51BF-4AE0-90DA-4B5F4D3355BB}.Debug|iPhone.Build.0 = Debug|Any CPU
		{ED206095-51BF-4AE0-90DA-4B5F4D3355BB}.Debug|iPhoneSimulator.ActiveCfg = Debug|Any CPU
		{ED206095-51BF-4AE0-90DA-4B5F4D3355BB}.Debug|iPhoneSimulator.Build.0 = Debug|Any CPU
		{ED206095-51BF-4AE0-90DA-4B5F4D3355BB}.Debug|x86.ActiveCfg = Debug|Any CPU
		{ED206095-51BF-4AE0-90DA-4B5F4D3355BB}.Debug|x86.Build.0 = Debug|Any CPU
		{ED206095-51BF-4AE0-90DA-4B5F4D3355BB}.Release|Any CPU.ActiveCfg = Release|Any CPU
		{ED206095-51BF-4AE0-90DA-4B5F4D3355BB}.Release|Any CPU.Build.0 = Release|Any CPU
		{ED206095-51BF-4AE0-90DA-4B5F4D3355BB}.Release|ARM.ActiveCfg = Release|Any CPU
		{ED206095-51BF-4AE0-90DA-4B5F4D3355BB}.Release|ARM.Build.0 = Release|Any CPU
		{ED206095-51BF-4AE0-90DA-4B5F4D3355BB}.Release|iPhone.ActiveCfg = Release|Any CPU
		{ED206095-51BF-4AE0-90DA-4B5F4D3355BB}.Release|iPhone.Build.0 = Release|Any CPU
		{ED206095-51BF-4AE0-90DA-4B5F4D3355BB}.Release|iPhoneSimulator.ActiveCfg = Release|Any CPU
		{ED206095-51BF-4AE0-90DA-4B5F4D3355BB}.Release|iPhoneSimulator.Build.0 = Release|Any CPU
		{ED206095-51BF-4AE0-90DA-4B5F4D3355BB}.Release|x86.ActiveCfg = Release|Any CPU
		{ED206095-51BF-4AE0-90DA-4B5F4D3355BB}.Release|x86.Build.0 = Release|Any CPU
		{7B0010CF-95B0-407F-A2AC-54BBACA10154}.Debug|Any CPU.ActiveCfg = Debug|Any CPU
		{7B0010CF-95B0-407F-A2AC-54BBACA10154}.Debug|Any CPU.Build.0 = Debug|Any CPU
		{7B0010CF-95B0-407F-A2AC-54BBACA10154}.Debug|ARM.ActiveCfg = Debug|Any CPU
		{7B0010CF-95B0-407F-A2AC-54BBACA10154}.Debug|ARM.Build.0 = Debug|Any CPU
		{7B0010CF-95B0-407F-A2AC-54BBACA10154}.Debug|iPhone.ActiveCfg = Debug|Any CPU
		{7B0010CF-95B0-407F-A2AC-54BBACA10154}.Debug|iPhone.Build.0 = Debug|Any CPU
		{7B0010CF-95B0-407F-A2AC-54BBACA10154}.Debug|iPhoneSimulator.ActiveCfg = Debug|Any CPU
		{7B0010CF-95B0-407F-A2AC-54BBACA10154}.Debug|iPhoneSimulator.Build.0 = Debug|Any CPU
		{7B0010CF-95B0-407F-A2AC-54BBACA10154}.Debug|x86.ActiveCfg = Debug|Any CPU
		{7B0010CF-95B0-407F-A2AC-54BBACA10154}.Debug|x86.Build.0 = Debug|Any CPU
		{7B0010CF-95B0-407F-A2AC-54BBACA10154}.Release|Any CPU.ActiveCfg = Release|Any CPU
		{7B0010CF-95B0-407F-A2AC-54BBACA10154}.Release|Any CPU.Build.0 = Release|Any CPU
		{7B0010CF-95B0-407F-A2AC-54BBACA10154}.Release|ARM.ActiveCfg = Release|Any CPU
		{7B0010CF-95B0-407F-A2AC-54BBACA10154}.Release|ARM.Build.0 = Release|Any CPU
		{7B0010CF-95B0-407F-A2AC-54BBACA10154}.Release|iPhone.ActiveCfg = Release|Any CPU
		{7B0010CF-95B0-407F-A2AC-54BBACA10154}.Release|iPhone.Build.0 = Release|Any CPU
		{7B0010CF-95B0-407F-A2AC-54BBACA10154}.Release|iPhoneSimulator.ActiveCfg = Release|Any CPU
		{7B0010CF-95B0-407F-A2AC-54BBACA10154}.Release|iPhoneSimulator.Build.0 = Release|Any CPU
		{7B0010CF-95B0-407F-A2AC-54BBACA10154}.Release|x86.ActiveCfg = Release|Any CPU
		{7B0010CF-95B0-407F-A2AC-54BBACA10154}.Release|x86.Build.0 = Release|Any CPU
	EndGlobalSection
	GlobalSection(SolutionProperties) = preSolution
		HideSolutionNode = FALSE
	EndGlobalSection
EndGlobal
